// !$*UTF8*$!
{
	archiveVersion = 1;
	classes = {
	};
	objectVersion = 56;
	objects = {

/* Begin PBXBuildFile section */
		C001A39329F6FC55002A1FE6 /* CustomTabBar.swift in Sources */ = {isa = PBXBuildFile; fileRef = C001A39229F6FC55002A1FE6 /* CustomTabBar.swift */; };
		C00D121F29F98F6000FA41C1 /* PartList.swift in Sources */ = {isa = PBXBuildFile; fileRef = C00D121E29F98F6000FA41C1 /* PartList.swift */; };
		C01EBB5E2A0B5821004B8804 /* UIImage+Extention.swift in Sources */ = {isa = PBXBuildFile; fileRef = C01EBB5D2A0B5821004B8804 /* UIImage+Extention.swift */; };
		C03FBF8829FBE8E300551ABB /* ExerciseCell.swift in Sources */ = {isa = PBXBuildFile; fileRef = C03FBF8729FBE8E300551ABB /* ExerciseCell.swift */; };
		C03FBF8E29FBFE1800551ABB /* FLAnimatedImage in Frameworks */ = {isa = PBXBuildFile; productRef = C03FBF8D29FBFE1800551ABB /* FLAnimatedImage */; };
		C03FBF9029FC04AD00551ABB /* GIFView+Extention.swift in Sources */ = {isa = PBXBuildFile; fileRef = C03FBF8F29FC04AD00551ABB /* GIFView+Extention.swift */; };
		C04D189629F9517A00599B5F /* BodyMusclesTogle.swift in Sources */ = {isa = PBXBuildFile; fileRef = C04D189529F9517A00599B5F /* BodyMusclesTogle.swift */; };
		C0CEDBEC2A050A3A00F2A4DF /* SearchBar.swift in Sources */ = {isa = PBXBuildFile; fileRef = C0CEDBEB2A050A3A00F2A4DF /* SearchBar.swift */; };
		C0D63D782A02495800DBC722 /* URLImage in Frameworks */ = {isa = PBXBuildFile; productRef = C0D63D772A02495800DBC722 /* URLImage */; };
		C0DC6E262A01133E00C34539 /* FavoritesManager.swift in Sources */ = {isa = PBXBuildFile; fileRef = C0DC6E252A01133E00C34539 /* FavoritesManager.swift */; };
		C0E6D0DA2A0A8F1B003FD76E /* UIColor+Extension.swift in Sources */ = {isa = PBXBuildFile; fileRef = C0E6D0D92A0A8F1B003FD76E /* UIColor+Extension.swift */; };
		C0E70AB629F2A67F005D71CE /* ExerciseDBApp.swift in Sources */ = {isa = PBXBuildFile; fileRef = C0E70AB529F2A67F005D71CE /* ExerciseDBApp.swift */; };
		C0E70AB829F2A67F005D71CE /* SearchScreen.swift in Sources */ = {isa = PBXBuildFile; fileRef = C0E70AB729F2A67F005D71CE /* SearchScreen.swift */; };
		C0E70ABA29F2A686005D71CE /* Assets.xcassets in Resources */ = {isa = PBXBuildFile; fileRef = C0E70AB929F2A686005D71CE /* Assets.xcassets */; };
		C0E70ABD29F2A686005D71CE /* Preview Assets.xcassets in Resources */ = {isa = PBXBuildFile; fileRef = C0E70ABC29F2A686005D71CE /* Preview Assets.xcassets */; };
		C0E70AC429F2A6AF005D71CE /* NetworkManager.swift in Sources */ = {isa = PBXBuildFile; fileRef = C0E70AC329F2A6AF005D71CE /* NetworkManager.swift */; };
		C0E9DB9C29F7E37000AF000B /* HomeView.swift in Sources */ = {isa = PBXBuildFile; fileRef = C0E9DB9B29F7E37000AF000B /* HomeView.swift */; };
		C0E9DB9E29F7E38D00AF000B /* LikedView.swift in Sources */ = {isa = PBXBuildFile; fileRef = C0E9DB9D29F7E38D00AF000B /* LikedView.swift */; };
		C0E9DBA029F7F1F500AF000B /* ContentView.swift in Sources */ = {isa = PBXBuildFile; fileRef = C0E9DB9F29F7F1F500AF000B /* ContentView.swift */; };
		C0FC950C29FA8C9B00B90ECC /* CellWithButton.swift in Sources */ = {isa = PBXBuildFile; fileRef = C0FC950B29FA8C9B00B90ECC /* CellWithButton.swift */; };
		C0FC950E29FABFA800B90ECC /* ExerciseList.swift in Sources */ = {isa = PBXBuildFile; fileRef = C0FC950D29FABFA800B90ECC /* ExerciseList.swift */; };
/* End PBXBuildFile section */

/* Begin PBXFileReference section */
		C001A39229F6FC55002A1FE6 /* CustomTabBar.swift */ = {isa = PBXFileReference; lastKnownFileType = sourcecode.swift; path = CustomTabBar.swift; sourceTree = "<group>"; };
		C00D121E29F98F6000FA41C1 /* PartList.swift */ = {isa = PBXFileReference; lastKnownFileType = sourcecode.swift; path = PartList.swift; sourceTree = "<group>"; };
		C01EBB5D2A0B5821004B8804 /* UIImage+Extention.swift */ = {isa = PBXFileReference; lastKnownFileType = sourcecode.swift; path = "UIImage+Extention.swift"; sourceTree = "<group>"; };
		C03FBF8729FBE8E300551ABB /* ExerciseCell.swift */ = {isa = PBXFileReference; lastKnownFileType = sourcecode.swift; path = ExerciseCell.swift; sourceTree = "<group>"; };
		C03FBF8F29FC04AD00551ABB /* GIFView+Extention.swift */ = {isa = PBXFileReference; lastKnownFileType = sourcecode.swift; path = "GIFView+Extention.swift"; sourceTree = "<group>"; };
		C04D189529F9517A00599B5F /* BodyMusclesTogle.swift */ = {isa = PBXFileReference; lastKnownFileType = sourcecode.swift; path = BodyMusclesTogle.swift; sourceTree = "<group>"; };
		C09A2AC329FC3B440003E33E /* Info.plist */ = {isa = PBXFileReference; lastKnownFileType = text.plist; path = Info.plist; sourceTree = "<group>"; };
		C0CEDBEB2A050A3A00F2A4DF /* SearchBar.swift */ = {isa = PBXFileReference; lastKnownFileType = sourcecode.swift; path = SearchBar.swift; sourceTree = "<group>"; };
		C0DC6E252A01133E00C34539 /* FavoritesManager.swift */ = {isa = PBXFileReference; lastKnownFileType = sourcecode.swift; path = FavoritesManager.swift; sourceTree = "<group>"; };
		C0E6D0D92A0A8F1B003FD76E /* UIColor+Extension.swift */ = {isa = PBXFileReference; lastKnownFileType = sourcecode.swift; path = "UIColor+Extension.swift"; sourceTree = "<group>"; };
		C0E70AB229F2A67F005D71CE /* ExerciseDB.app */ = {isa = PBXFileReference; explicitFileType = wrapper.application; includeInIndex = 0; path = ExerciseDB.app; sourceTree = BUILT_PRODUCTS_DIR; };
		C0E70AB529F2A67F005D71CE /* ExerciseDBApp.swift */ = {isa = PBXFileReference; lastKnownFileType = sourcecode.swift; path = ExerciseDBApp.swift; sourceTree = "<group>"; };
		C0E70AB729F2A67F005D71CE /* SearchScreen.swift */ = {isa = PBXFileReference; lastKnownFileType = sourcecode.swift; path = SearchScreen.swift; sourceTree = "<group>"; };
		C0E70AB929F2A686005D71CE /* Assets.xcassets */ = {isa = PBXFileReference; lastKnownFileType = folder.assetcatalog; path = Assets.xcassets; sourceTree = "<group>"; };
		C0E70ABC29F2A686005D71CE /* Preview Assets.xcassets */ = {isa = PBXFileReference; lastKnownFileType = folder.assetcatalog; path = "Preview Assets.xcassets"; sourceTree = "<group>"; };
		C0E70AC329F2A6AF005D71CE /* NetworkManager.swift */ = {isa = PBXFileReference; lastKnownFileType = sourcecode.swift; path = NetworkManager.swift; sourceTree = "<group>"; };
		C0E9DB9B29F7E37000AF000B /* HomeView.swift */ = {isa = PBXFileReference; lastKnownFileType = sourcecode.swift; path = HomeView.swift; sourceTree = "<group>"; };
		C0E9DB9D29F7E38D00AF000B /* LikedView.swift */ = {isa = PBXFileReference; lastKnownFileType = sourcecode.swift; path = LikedView.swift; sourceTree = "<group>"; };
		C0E9DB9F29F7F1F500AF000B /* ContentView.swift */ = {isa = PBXFileReference; lastKnownFileType = sourcecode.swift; path = ContentView.swift; sourceTree = "<group>"; };
		C0FC950B29FA8C9B00B90ECC /* CellWithButton.swift */ = {isa = PBXFileReference; lastKnownFileType = sourcecode.swift; path = CellWithButton.swift; sourceTree = "<group>"; };
		C0FC950D29FABFA800B90ECC /* ExerciseList.swift */ = {isa = PBXFileReference; lastKnownFileType = sourcecode.swift; path = ExerciseList.swift; sourceTree = "<group>"; };
/* End PBXFileReference section */

/* Begin PBXFrameworksBuildPhase section */
		C0E70AAF29F2A67F005D71CE /* Frameworks */ = {
			isa = PBXFrameworksBuildPhase;
			buildActionMask = 2147483647;
			files = (
				C0D63D782A02495800DBC722 /* URLImage in Frameworks */,
				C03FBF8E29FBFE1800551ABB /* FLAnimatedImage in Frameworks */,
			);
			runOnlyForDeploymentPostprocessing = 0;
		};
/* End PBXFrameworksBuildPhase section */

/* Begin PBXGroup section */
		C00D121D29F95F7800FA41C1 /* HomeScreen */ = {
			isa = PBXGroup;
			children = (
				C0E9DB9B29F7E37000AF000B /* HomeView.swift */,
				C04D189529F9517A00599B5F /* BodyMusclesTogle.swift */,
				C00D121E29F98F6000FA41C1 /* PartList.swift */,
				C0FC950B29FA8C9B00B90ECC /* CellWithButton.swift */,
				C0FC950D29FABFA800B90ECC /* ExerciseList.swift */,
			);
			name = HomeScreen;
			sourceTree = "<group>";
		};
		C0DA4EEA2A02B14400D0961E /* LikedScreen */ = {
			isa = PBXGroup;
			children = (
				C0E9DB9D29F7E38D00AF000B /* LikedView.swift */,
			);
			path = LikedScreen;
			sourceTree = "<group>";
		};
		C0DA4EEB2A02B16B00D0961E /* Managers */ = {
			isa = PBXGroup;
			children = (
				C0E70AC329F2A6AF005D71CE /* NetworkManager.swift */,
				C0DC6E252A01133E00C34539 /* FavoritesManager.swift */,
			);
			name = Managers;
			sourceTree = "<group>";
		};
		C0DA4EEC2A02B18900D0961E /* SearchScreen */ = {
			isa = PBXGroup;
			children = (
				C0E70AB729F2A67F005D71CE /* SearchScreen.swift */,
				C0CEDBEB2A050A3A00F2A4DF /* SearchBar.swift */,
			);
			name = SearchScreen;
			sourceTree = "<group>";
		};
		C0E70AA929F2A67F005D71CE = {
			isa = PBXGroup;
			children = (
				C0E70AB429F2A67F005D71CE /* ExerciseDB */,
				C0E70AB329F2A67F005D71CE /* Products */,
			);
			sourceTree = "<group>";
		};
		C0E70AB329F2A67F005D71CE /* Products */ = {
			isa = PBXGroup;
			children = (
				C0E70AB229F2A67F005D71CE /* ExerciseDB.app */,
			);
			name = Products;
			sourceTree = "<group>";
		};
		C0E70AB429F2A67F005D71CE /* ExerciseDB */ = {
			isa = PBXGroup;
			children = (
				C09A2AC329FC3B440003E33E /* Info.plist */,
				C0E70AB529F2A67F005D71CE /* ExerciseDBApp.swift */,
				C0DA4EEB2A02B16B00D0961E /* Managers */,
				C0DA4EEC2A02B18900D0961E /* SearchScreen */,
				C00D121D29F95F7800FA41C1 /* HomeScreen */,
				C0DA4EEA2A02B14400D0961E /* LikedScreen */,
				C03FBF8729FBE8E300551ABB /* ExerciseCell.swift */,
				C001A39229F6FC55002A1FE6 /* CustomTabBar.swift */,
				C03FBF8F29FC04AD00551ABB /* GIFView+Extention.swift */,
				C01EBB5D2A0B5821004B8804 /* UIImage+Extention.swift */,
				C0E6D0D92A0A8F1B003FD76E /* UIColor+Extension.swift */,
				C0E9DB9F29F7F1F500AF000B /* ContentView.swift */,
				C0E70AB929F2A686005D71CE /* Assets.xcassets */,
				C0E70ABB29F2A686005D71CE /* Preview Content */,
			);
			path = ExerciseDB;
			sourceTree = "<group>";
		};
		C0E70ABB29F2A686005D71CE /* Preview Content */ = {
			isa = PBXGroup;
			children = (
				C0E70ABC29F2A686005D71CE /* Preview Assets.xcassets */,
			);
			path = "Preview Content";
			sourceTree = "<group>";
		};
/* End PBXGroup section */

/* Begin PBXNativeTarget section */
		C0E70AB129F2A67F005D71CE /* ExerciseDB */ = {
			isa = PBXNativeTarget;
			buildConfigurationList = C0E70AC029F2A686005D71CE /* Build configuration list for PBXNativeTarget "ExerciseDB" */;
			buildPhases = (
				C0E70AAE29F2A67F005D71CE /* Sources */,
				C0E70AAF29F2A67F005D71CE /* Frameworks */,
				C0E70AB029F2A67F005D71CE /* Resources */,
			);
			buildRules = (
			);
			dependencies = (
			);
			name = ExerciseDB;
			packageProductDependencies = (
				C03FBF8D29FBFE1800551ABB /* FLAnimatedImage */,
				C0D63D772A02495800DBC722 /* URLImage */,
			);
			productName = ExerciseDB;
			productReference = C0E70AB229F2A67F005D71CE /* ExerciseDB.app */;
			productType = "com.apple.product-type.application";
		};
/* End PBXNativeTarget section */

/* Begin PBXProject section */
		C0E70AAA29F2A67F005D71CE /* Project object */ = {
			isa = PBXProject;
			attributes = {
				BuildIndependentTargetsInParallel = 1;
				LastSwiftUpdateCheck = 1410;
				LastUpgradeCheck = 1410;
				TargetAttributes = {
					C0E70AB129F2A67F005D71CE = {
						CreatedOnToolsVersion = 14.1;
					};
				};
			};
			buildConfigurationList = C0E70AAD29F2A67F005D71CE /* Build configuration list for PBXProject "ExerciseDB" */;
			compatibilityVersion = "Xcode 14.0";
			developmentRegion = en;
			hasScannedForEncodings = 0;
			knownRegions = (
				en,
				Base,
			);
			mainGroup = C0E70AA929F2A67F005D71CE;
			packageReferences = (
				C03FBF8C29FBFE1800551ABB /* XCRemoteSwiftPackageReference "FLAnimatedImage" */,
				C0D63D762A02495800DBC722 /* XCRemoteSwiftPackageReference "url-image" */,
			);
			productRefGroup = C0E70AB329F2A67F005D71CE /* Products */;
			projectDirPath = "";
			projectRoot = "";
			targets = (
				C0E70AB129F2A67F005D71CE /* ExerciseDB */,
			);
		};
/* End PBXProject section */

/* Begin PBXResourcesBuildPhase section */
		C0E70AB029F2A67F005D71CE /* Resources */ = {
			isa = PBXResourcesBuildPhase;
			buildActionMask = 2147483647;
			files = (
				C0E70ABD29F2A686005D71CE /* Preview Assets.xcassets in Resources */,
				C0E70ABA29F2A686005D71CE /* Assets.xcassets in Resources */,
			);
			runOnlyForDeploymentPostprocessing = 0;
		};
/* End PBXResourcesBuildPhase section */

/* Begin PBXSourcesBuildPhase section */
		C0E70AAE29F2A67F005D71CE /* Sources */ = {
			isa = PBXSourcesBuildPhase;
			buildActionMask = 2147483647;
			files = (
				C0E9DB9E29F7E38D00AF000B /* LikedView.swift in Sources */,
				C0E70AB829F2A67F005D71CE /* SearchScreen.swift in Sources */,
				C0CEDBEC2A050A3A00F2A4DF /* SearchBar.swift in Sources */,
				C01EBB5E2A0B5821004B8804 /* UIImage+Extention.swift in Sources */,
				C03FBF9029FC04AD00551ABB /* GIFView+Extention.swift in Sources */,
				C0DC6E262A01133E00C34539 /* FavoritesManager.swift in Sources */,
				C0E9DBA029F7F1F500AF000B /* ContentView.swift in Sources */,
				C0FC950C29FA8C9B00B90ECC /* CellWithButton.swift in Sources */,
				C0E6D0DA2A0A8F1B003FD76E /* UIColor+Extension.swift in Sources */,
				C001A39329F6FC55002A1FE6 /* CustomTabBar.swift in Sources */,
				C03FBF8829FBE8E300551ABB /* ExerciseCell.swift in Sources */,
				C0E70AB629F2A67F005D71CE /* ExerciseDBApp.swift in Sources */,
				C00D121F29F98F6000FA41C1 /* PartList.swift in Sources */,
				C0E9DB9C29F7E37000AF000B /* HomeView.swift in Sources */,
				C0FC950E29FABFA800B90ECC /* ExerciseList.swift in Sources */,
				C04D189629F9517A00599B5F /* BodyMusclesTogle.swift in Sources */,
				C0E70AC429F2A6AF005D71CE /* NetworkManager.swift in Sources */,
			);
			runOnlyForDeploymentPostprocessing = 0;
		};
/* End PBXSourcesBuildPhase section */

/* Begin XCBuildConfiguration section */
		C0E70ABE29F2A686005D71CE /* Debug */ = {
			isa = XCBuildConfiguration;
			buildSettings = {
				ALWAYS_SEARCH_USER_PATHS = NO;
				CLANG_ANALYZER_NONNULL = YES;
				CLANG_ANALYZER_NUMBER_OBJECT_CONVERSION = YES_AGGRESSIVE;
				CLANG_CXX_LANGUAGE_STANDARD = "gnu++20";
				CLANG_ENABLE_MODULES = YES;
				CLANG_ENABLE_OBJC_ARC = YES;
				CLANG_ENABLE_OBJC_WEAK = YES;
				CLANG_WARN_BLOCK_CAPTURE_AUTORELEASING = YES;
				CLANG_WARN_BOOL_CONVERSION = YES;
				CLANG_WARN_COMMA = YES;
				CLANG_WARN_CONSTANT_CONVERSION = YES;
				CLANG_WARN_DEPRECATED_OBJC_IMPLEMENTATIONS = YES;
				CLANG_WARN_DIRECT_OBJC_ISA_USAGE = YES_ERROR;
				CLANG_WARN_DOCUMENTATION_COMMENTS = YES;
				CLANG_WARN_EMPTY_BODY = YES;
				CLANG_WARN_ENUM_CONVERSION = YES;
				CLANG_WARN_INFINITE_RECURSION = YES;
				CLANG_WARN_INT_CONVERSION = YES;
				CLANG_WARN_NON_LITERAL_NULL_CONVERSION = YES;
				CLANG_WARN_OBJC_IMPLICIT_RETAIN_SELF = YES;
				CLANG_WARN_OBJC_LITERAL_CONVERSION = YES;
				CLANG_WARN_OBJC_ROOT_CLASS = YES_ERROR;
				CLANG_WARN_QUOTED_INCLUDE_IN_FRAMEWORK_HEADER = YES;
				CLANG_WARN_RANGE_LOOP_ANALYSIS = YES;
				CLANG_WARN_STRICT_PROTOTYPES = YES;
				CLANG_WARN_SUSPICIOUS_MOVE = YES;
				CLANG_WARN_UNGUARDED_AVAILABILITY = YES_AGGRESSIVE;
				CLANG_WARN_UNREACHABLE_CODE = YES;
				CLANG_WARN__DUPLICATE_METHOD_MATCH = YES;
				COPY_PHASE_STRIP = NO;
				DEBUG_INFORMATION_FORMAT = dwarf;
				ENABLE_STRICT_OBJC_MSGSEND = YES;
				ENABLE_TESTABILITY = YES;
				GCC_C_LANGUAGE_STANDARD = gnu11;
				GCC_DYNAMIC_NO_PIC = NO;
				GCC_NO_COMMON_BLOCKS = YES;
				GCC_OPTIMIZATION_LEVEL = 0;
				GCC_PREPROCESSOR_DEFINITIONS = (
					"DEBUG=1",
					"$(inherited)",
				);
				GCC_WARN_64_TO_32_BIT_CONVERSION = YES;
				GCC_WARN_ABOUT_RETURN_TYPE = YES_ERROR;
				GCC_WARN_UNDECLARED_SELECTOR = YES;
				GCC_WARN_UNINITIALIZED_AUTOS = YES_AGGRESSIVE;
				GCC_WARN_UNUSED_FUNCTION = YES;
				GCC_WARN_UNUSED_VARIABLE = YES;
				IPHONEOS_DEPLOYMENT_TARGET = 16.0;
				MTL_ENABLE_DEBUG_INFO = INCLUDE_SOURCE;
				MTL_FAST_MATH = YES;
				ONLY_ACTIVE_ARCH = YES;
				SDKROOT = iphoneos;
				SWIFT_ACTIVE_COMPILATION_CONDITIONS = DEBUG;
				SWIFT_OPTIMIZATION_LEVEL = "-Onone";
			};
			name = Debug;
		};
		C0E70ABF29F2A686005D71CE /* Release */ = {
			isa = XCBuildConfiguration;
			buildSettings = {
				ALWAYS_SEARCH_USER_PATHS = NO;
				CLANG_ANALYZER_NONNULL = YES;
				CLANG_ANALYZER_NUMBER_OBJECT_CONVERSION = YES_AGGRESSIVE;
				CLANG_CXX_LANGUAGE_STANDARD = "gnu++20";
				CLANG_ENABLE_MODULES = YES;
				CLANG_ENABLE_OBJC_ARC = YES;
				CLANG_ENABLE_OBJC_WEAK = YES;
				CLANG_WARN_BLOCK_CAPTURE_AUTORELEASING = YES;
				CLANG_WARN_BOOL_CONVERSION = YES;
				CLANG_WARN_COMMA = YES;
				CLANG_WARN_CONSTANT_CONVERSION = YES;
				CLANG_WARN_DEPRECATED_OBJC_IMPLEMENTATIONS = YES;
				CLANG_WARN_DIRECT_OBJC_ISA_USAGE = YES_ERROR;
				CLANG_WARN_DOCUMENTATION_COMMENTS = YES;
				CLANG_WARN_EMPTY_BODY = YES;
				CLANG_WARN_ENUM_CONVERSION = YES;
				CLANG_WARN_INFINITE_RECURSION = YES;
				CLANG_WARN_INT_CONVERSION = YES;
				CLANG_WARN_NON_LITERAL_NULL_CONVERSION = YES;
				CLANG_WARN_OBJC_IMPLICIT_RETAIN_SELF = YES;
				CLANG_WARN_OBJC_LITERAL_CONVERSION = YES;
				CLANG_WARN_OBJC_ROOT_CLASS = YES_ERROR;
				CLANG_WARN_QUOTED_INCLUDE_IN_FRAMEWORK_HEADER = YES;
				CLANG_WARN_RANGE_LOOP_ANALYSIS = YES;
				CLANG_WARN_STRICT_PROTOTYPES = YES;
				CLANG_WARN_SUSPICIOUS_MOVE = YES;
				CLANG_WARN_UNGUARDED_AVAILABILITY = YES_AGGRESSIVE;
				CLANG_WARN_UNREACHABLE_CODE = YES;
				CLANG_WARN__DUPLICATE_METHOD_MATCH = YES;
				COPY_PHASE_STRIP = NO;
				DEBUG_INFORMATION_FORMAT = "dwarf-with-dsym";
				ENABLE_NS_ASSERTIONS = NO;
				ENABLE_STRICT_OBJC_MSGSEND = YES;
				GCC_C_LANGUAGE_STANDARD = gnu11;
				GCC_NO_COMMON_BLOCKS = YES;
				GCC_WARN_64_TO_32_BIT_CONVERSION = YES;
				GCC_WARN_ABOUT_RETURN_TYPE = YES_ERROR;
				GCC_WARN_UNDECLARED_SELECTOR = YES;
				GCC_WARN_UNINITIALIZED_AUTOS = YES_AGGRESSIVE;
				GCC_WARN_UNUSED_FUNCTION = YES;
				GCC_WARN_UNUSED_VARIABLE = YES;
				IPHONEOS_DEPLOYMENT_TARGET = 16.0;
				MTL_ENABLE_DEBUG_INFO = NO;
				MTL_FAST_MATH = YES;
				SDKROOT = iphoneos;
				SWIFT_COMPILATION_MODE = wholemodule;
				SWIFT_OPTIMIZATION_LEVEL = "-O";
				VALIDATE_PRODUCT = YES;
			};
			name = Release;
		};
		C0E70AC129F2A686005D71CE /* Debug */ = {
			isa = XCBuildConfiguration;
			buildSettings = {
				ASSETCATALOG_COMPILER_APPICON_NAME = AppIcon;
				ASSETCATALOG_COMPILER_GLOBAL_ACCENT_COLOR_NAME = AccentColor;
				CODE_SIGN_STYLE = Automatic;
				CURRENT_PROJECT_VERSION = 1;
				DEVELOPMENT_ASSET_PATHS = "\"ExerciseDB/Preview Content\"";
				DEVELOPMENT_TEAM = 787WGZ5DQQ;
				ENABLE_PREVIEWS = YES;
				GENERATE_INFOPLIST_FILE = YES;
				INFOPLIST_FILE = ExerciseDB/Info.plist;
				INFOPLIST_KEY_LSApplicationCategoryType = "";
				INFOPLIST_KEY_UIApplicationSupportsIndirectInputEvents = YES;
				INFOPLIST_KEY_UISupportedInterfaceOrientations_iPad = "UIInterfaceOrientationPortrait UIInterfaceOrientationPortraitUpsideDown UIInterfaceOrientationLandscapeLeft UIInterfaceOrientationLandscapeRight";
				INFOPLIST_KEY_UISupportedInterfaceOrientations_iPhone = "UIInterfaceOrientationPortrait UIInterfaceOrientationLandscapeLeft UIInterfaceOrientationLandscapeRight";
				INFOPLIST_KEY_UIUserInterfaceStyle = Light;
				LD_RUNPATH_SEARCH_PATHS = (
					"$(inherited)",
					"@executable_path/Frameworks",
				);
				MARKETING_VERSION = 1.0;
				PRODUCT_BUNDLE_IDENTIFIER = "-.ExerciseDB";
				PRODUCT_NAME = "$(TARGET_NAME)";
				SWIFT_EMIT_LOC_STRINGS = YES;
				SWIFT_VERSION = 5.0;
				TARGETED_DEVICE_FAMILY = "1,2";
			};
			name = Debug;
		};
		C0E70AC229F2A686005D71CE /* Release */ = {
			isa = XCBuildConfiguration;
			buildSettings = {
				ASSETCATALOG_COMPILER_APPICON_NAME = AppIcon;
				ASSETCATALOG_COMPILER_GLOBAL_ACCENT_COLOR_NAME = AccentColor;
				CODE_SIGN_STYLE = Automatic;
				CURRENT_PROJECT_VERSION = 1;
				DEVELOPMENT_ASSET_PATHS = "\"ExerciseDB/Preview Content\"";
				DEVELOPMENT_TEAM = 787WGZ5DQQ;
				ENABLE_PREVIEWS = YES;
				GENERATE_INFOPLIST_FILE = YES;
				INFOPLIST_FILE = ExerciseDB/Info.plist;
				INFOPLIST_KEY_LSApplicationCategoryType = "";
				INFOPLIST_KEY_UIApplicationSupportsIndirectInputEvents = YES;
				INFOPLIST_KEY_UISupportedInterfaceOrientations_iPad = "UIInterfaceOrientationPortrait UIInterfaceOrientationPortraitUpsideDown UIInterfaceOrientationLandscapeLeft UIInterfaceOrientationLandscapeRight";
				INFOPLIST_KEY_UISupportedInterfaceOrientations_iPhone = "UIInterfaceOrientationPortrait UIInterfaceOrientationLandscapeLeft UIInterfaceOrientationLandscapeRight";
				INFOPLIST_KEY_UIUserInterfaceStyle = Light;
				LD_RUNPATH_SEARCH_PATHS = (
					"$(inherited)",
					"@executable_path/Frameworks",
				);
				MARKETING_VERSION = 1.0;
				PRODUCT_BUNDLE_IDENTIFIER = "-.ExerciseDB";
				PRODUCT_NAME = "$(TARGET_NAME)";
				SWIFT_EMIT_LOC_STRINGS = YES;
				SWIFT_VERSION = 5.0;
				TARGETED_DEVICE_FAMILY = "1,2";
			};
			name = Release;
		};
/* End XCBuildConfiguration section */

/* Begin XCConfigurationList section */
		C0E70AAD29F2A67F005D71CE /* Build configuration list for PBXProject "ExerciseDB" */ = {
			isa = XCConfigurationList;
			buildConfigurations = (
				C0E70ABE29F2A686005D71CE /* Debug */,
				C0E70ABF29F2A686005D71CE /* Release */,
			);
			defaultConfigurationIsVisible = 0;
			defaultConfigurationName = Release;
		};
		C0E70AC029F2A686005D71CE /* Build configuration list for PBXNativeTarget "ExerciseDB" */ = {
			isa = XCConfigurationList;
			buildConfigurations = (
				C0E70AC129F2A686005D71CE /* Debug */,
				C0E70AC229F2A686005D71CE /* Release */,
			);
			defaultConfigurationIsVisible = 0;
			defaultConfigurationName = Release;
		};
/* End XCConfigurationList section */

/* Begin XCRemoteSwiftPackageReference section */
		C03FBF8C29FBFE1800551ABB /* XCRemoteSwiftPackageReference "FLAnimatedImage" */ = {
			isa = XCRemoteSwiftPackageReference;
			repositoryURL = "https://github.com/Flipboard/FLAnimatedImage";
			requirement = {
				kind = upToNextMajorVersion;
				minimumVersion = 1.0.0;
			};
		};
		C0D63D762A02495800DBC722 /* XCRemoteSwiftPackageReference "url-image" */ = {
			isa = XCRemoteSwiftPackageReference;
			repositoryURL = "https://github.com/dmytro-anokhin/url-image";
			requirement = {
				branch = main;
				kind = branch;
			};
		};
/* End XCRemoteSwiftPackageReference section */

/* Begin XCSwiftPackageProductDependency section */
		C03FBF8D29FBFE1800551ABB /* FLAnimatedImage */ = {
			isa = XCSwiftPackageProductDependency;
			package = C03FBF8C29FBFE1800551ABB /* XCRemoteSwiftPackageReference "FLAnimatedImage" */;
			productName = FLAnimatedImage;
		};
		C0D63D772A02495800DBC722 /* URLImage */ = {
			isa = XCSwiftPackageProductDependency;
			package = C0D63D762A02495800DBC722 /* XCRemoteSwiftPackageReference "url-image" */;
			productName = URLImage;
		};
/* End XCSwiftPackageProductDependency section */
	};
	rootObject = C0E70AAA29F2A67F005D71CE /* Project object */;
}
